// !$*UTF8*$!
{
	archiveVersion = 1;
	classes = {
	};
	objectVersion = 50;
	objects = {

/* Begin PBXBuildFile section */
		081BE677241B967C003E9004 /* AppDelegate.swift in Sources */ = {isa = PBXBuildFile; fileRef = 081BE676241B967C003E9004 /* AppDelegate.swift */; };
		081BE679241B967C003E9004 /* SceneDelegate.swift in Sources */ = {isa = PBXBuildFile; fileRef = 081BE678241B967C003E9004 /* SceneDelegate.swift */; };
		081BE67B241B967C003E9004 /* ViewController.swift in Sources */ = {isa = PBXBuildFile; fileRef = 081BE67A241B967C003E9004 /* ViewController.swift */; };
		081BE67E241B967C003E9004 /* Main.storyboard in Resources */ = {isa = PBXBuildFile; fileRef = 081BE67C241B967C003E9004 /* Main.storyboard */; };
		081BE680241B967D003E9004 /* Assets.xcassets in Resources */ = {isa = PBXBuildFile; fileRef = 081BE67F241B967D003E9004 /* Assets.xcassets */; };
		081BE683241B967D003E9004 /* LaunchScreen.storyboard in Resources */ = {isa = PBXBuildFile; fileRef = 081BE681241B967D003E9004 /* LaunchScreen.storyboard */; };
		081BE68B241B9702003E9004 /* Color.swift in Sources */ = {isa = PBXBuildFile; fileRef = 081BE68A241B9702003E9004 /* Color.swift */; };
		081BE68E241BA410003E9004 /* PaginationInformation.swift in Sources */ = {isa = PBXBuildFile; fileRef = 081BE68D241BA410003E9004 /* PaginationInformation.swift */; };
		081BE690241BA415003E9004 /* PaginedElements.swift in Sources */ = {isa = PBXBuildFile; fileRef = 081BE68F241BA415003E9004 /* PaginedElements.swift */; };
		081BE692241BA419003E9004 /* SeriesCharacter.swift in Sources */ = {isa = PBXBuildFile; fileRef = 081BE691241BA419003E9004 /* SeriesCharacter.swift */; };
		081BE694241BA423003E9004 /* ReuseItem.swift in Sources */ = {isa = PBXBuildFile; fileRef = 081BE693241BA423003E9004 /* ReuseItem.swift */; };
		081BE696241BA42C003E9004 /* UIImageView+Additions.swift in Sources */ = {isa = PBXBuildFile; fileRef = 081BE695241BA42C003E9004 /* UIImageView+Additions.swift */; };
		081BE698241BA43A003E9004 /* SerieCharacterTableViewCell.swift in Sources */ = {isa = PBXBuildFile; fileRef = 081BE697241BA43A003E9004 /* SerieCharacterTableViewCell.swift */; };
/* End PBXBuildFile section */

/* Begin PBXFileReference section */
		081BE673241B967C003E9004 /* TPCollectionView.app */ = {isa = PBXFileReference; explicitFileType = wrapper.application; includeInIndex = 0; path = TPCollectionView.app; sourceTree = BUILT_PRODUCTS_DIR; };
		081BE676241B967C003E9004 /* AppDelegate.swift */ = {isa = PBXFileReference; lastKnownFileType = sourcecode.swift; path = AppDelegate.swift; sourceTree = "<group>"; };
		081BE678241B967C003E9004 /* SceneDelegate.swift */ = {isa = PBXFileReference; lastKnownFileType = sourcecode.swift; path = SceneDelegate.swift; sourceTree = "<group>"; };
		081BE67A241B967C003E9004 /* ViewController.swift */ = {isa = PBXFileReference; lastKnownFileType = sourcecode.swift; path = ViewController.swift; sourceTree = "<group>"; };
		081BE67D241B967C003E9004 /* Base */ = {isa = PBXFileReference; lastKnownFileType = file.storyboard; name = Base; path = Base.lproj/Main.storyboard; sourceTree = "<group>"; };
		081BE67F241B967D003E9004 /* Assets.xcassets */ = {isa = PBXFileReference; lastKnownFileType = folder.assetcatalog; path = Assets.xcassets; sourceTree = "<group>"; };
		081BE682241B967D003E9004 /* Base */ = {isa = PBXFileReference; lastKnownFileType = file.storyboard; name = Base; path = Base.lproj/LaunchScreen.storyboard; sourceTree = "<group>"; };
		081BE684241B967D003E9004 /* Info.plist */ = {isa = PBXFileReference; lastKnownFileType = text.plist.xml; path = Info.plist; sourceTree = "<group>"; };
		081BE68A241B9702003E9004 /* Color.swift */ = {isa = PBXFileReference; lastKnownFileType = sourcecode.swift; path = Color.swift; sourceTree = "<group>"; };
		081BE68D241BA410003E9004 /* PaginationInformation.swift */ = {isa = PBXFileReference; fileEncoding = 4; lastKnownFileType = sourcecode.swift; name = PaginationInformation.swift; path = "../../../TP-Call-API-Natif-Swift/TP-Call-API-Natif-Swift/Model/PaginationInformation.swift"; sourceTree = "<group>"; };
		081BE68F241BA415003E9004 /* PaginedElements.swift */ = {isa = PBXFileReference; fileEncoding = 4; lastKnownFileType = sourcecode.swift; name = PaginedElements.swift; path = "../../../TP-Call-API-Natif-Swift/TP-Call-API-Natif-Swift/Model/PaginedElements.swift"; sourceTree = "<group>"; };
		081BE691241BA419003E9004 /* SeriesCharacter.swift */ = {isa = PBXFileReference; fileEncoding = 4; lastKnownFileType = sourcecode.swift; name = SeriesCharacter.swift; path = "../../../TP-Call-API-Natif-Swift/TP-Call-API-Natif-Swift/Model/SeriesCharacter.swift"; sourceTree = "<group>"; };
		081BE693241BA423003E9004 /* ReuseItem.swift */ = {isa = PBXFileReference; fileEncoding = 4; lastKnownFileType = sourcecode.swift; name = ReuseItem.swift; path = ../../../Downloads/ReuseItem.swift; sourceTree = "<group>"; };
		081BE695241BA42C003E9004 /* UIImageView+Additions.swift */ = {isa = PBXFileReference; fileEncoding = 4; lastKnownFileType = sourcecode.swift; name = "UIImageView+Additions.swift"; path = "../../TP-Call-API-Natif-Swift/TP-Call-API-Natif-Swift/UIImageView+Additions.swift"; sourceTree = "<group>"; };
		081BE697241BA43A003E9004 /* SerieCharacterTableViewCell.swift */ = {isa = PBXFileReference; fileEncoding = 4; lastKnownFileType = sourcecode.swift; name = SerieCharacterTableViewCell.swift; path = "../../TP-Call-API-Natif-Swift/TP-Call-API-Natif-Swift/SerieCharacterTableViewCell.swift"; sourceTree = "<group>"; };
/* End PBXFileReference section */

/* Begin PBXFrameworksBuildPhase section */
		081BE670241B967C003E9004 /* Frameworks */ = {
			isa = PBXFrameworksBuildPhase;
			buildActionMask = 2147483647;
			files = (
			);
			runOnlyForDeploymentPostprocessing = 0;
		};
/* End PBXFrameworksBuildPhase section */

/* Begin PBXGroup section */
		081BE66A241B967C003E9004 = {
			isa = PBXGroup;
			children = (
				081BE675241B967C003E9004 /* TPCollectionView */,
				081BE674241B967C003E9004 /* Products */,
			);
			sourceTree = "<group>";
		};
		081BE674241B967C003E9004 /* Products */ = {
			isa = PBXGroup;
			children = (
				081BE673241B967C003E9004 /* TPCollectionView.app */,
			);
			name = Products;
			sourceTree = "<group>";
		};
		081BE675241B967C003E9004 /* TPCollectionView */ = {
			isa = PBXGroup;
			children = (
				081BE68C241BA3E0003E9004 /* Model */,
				081BE676241B967C003E9004 /* AppDelegate.swift */,
				081BE678241B967C003E9004 /* SceneDelegate.swift */,
				081BE67A241B967C003E9004 /* ViewController.swift */,
				081BE693241BA423003E9004 /* ReuseItem.swift */,
				081BE67C241B967C003E9004 /* Main.storyboard */,
				081BE67F241B967D003E9004 /* Assets.xcassets */,
				081BE681241B967D003E9004 /* LaunchScreen.storyboard */,
				081BE684241B967D003E9004 /* Info.plist */,
				081BE68A241B9702003E9004 /* Color.swift */,
				081BE697241BA43A003E9004 /* SerieCharacterTableViewCell.swift */,
				081BE695241BA42C003E9004 /* UIImageView+Additions.swift */,
			);
			path = TPCollectionView;
			sourceTree = "<group>";
		};
		081BE68C241BA3E0003E9004 /* Model */ = {
			isa = PBXGroup;
			children = (
				081BE68D241BA410003E9004 /* PaginationInformation.swift */,
				081BE68F241BA415003E9004 /* PaginedElements.swift */,
				081BE691241BA419003E9004 /* SeriesCharacter.swift */,
			);
			path = Model;
			sourceTree = "<group>";
		};
/* End PBXGroup section */

/* Begin PBXNativeTarget section */
		081BE672241B967C003E9004 /* TPCollectionView */ = {
			isa = PBXNativeTarget;
			buildConfigurationList = 081BE687241B967D003E9004 /* Build configuration list for PBXNativeTarget "TPCollectionView" */;
			buildPhases = (
				081BE66F241B967C003E9004 /* Sources */,
				081BE670241B967C003E9004 /* Frameworks */,
				081BE671241B967C003E9004 /* Resources */,
			);
			buildRules = (
			);
			dependencies = (
			);
			name = TPCollectionView;
			productName = TPCollectionView;
			productReference = 081BE673241B967C003E9004 /* TPCollectionView.app */;
			productType = "com.apple.product-type.application";
		};
/* End PBXNativeTarget section */

/* Begin PBXProject section */
		081BE66B241B967C003E9004 /* Project object */ = {
			isa = PBXProject;
			attributes = {
				LastSwiftUpdateCheck = 1130;
				LastUpgradeCheck = 1130;
				ORGANIZATIONNAME = lpiem;
				TargetAttributes = {
					081BE672241B967C003E9004 = {
						CreatedOnToolsVersion = 11.3.1;
					};
				};
			};
			buildConfigurationList = 081BE66E241B967C003E9004 /* Build configuration list for PBXProject "TPCollectionView" */;
			compatibilityVersion = "Xcode 9.3";
			developmentRegion = en;
			hasScannedForEncodings = 0;
			knownRegions = (
				en,
				Base,
			);
			mainGroup = 081BE66A241B967C003E9004;
			productRefGroup = 081BE674241B967C003E9004 /* Products */;
			projectDirPath = "";
			projectRoot = "";
			targets = (
				081BE672241B967C003E9004 /* TPCollectionView */,
			);
		};
/* End PBXProject section */

/* Begin PBXResourcesBuildPhase section */
		081BE671241B967C003E9004 /* Resources */ = {
			isa = PBXResourcesBuildPhase;
			buildActionMask = 2147483647;
			files = (
				081BE683241B967D003E9004 /* LaunchScreen.storyboard in Resources */,
				081BE680241B967D003E9004 /* Assets.xcassets in Resources */,
				081BE67E241B967C003E9004 /* Main.storyboard in Resources */,
			);
			runOnlyForDeploymentPostprocessing = 0;
		};
/* End PBXResourcesBuildPhase section */

/* Begin PBXSourcesBuildPhase section */
		081BE66F241B967C003E9004 /* Sources */ = {
			isa = PBXSourcesBuildPhase;
			buildActionMask = 2147483647;
			files = (
				081BE67B241B967C003E9004 /* ViewController.swift in Sources */,
				081BE68E241BA410003E9004 /* PaginationInformation.swift in Sources */,
				081BE692241BA419003E9004 /* SeriesCharacter.swift in Sources */,
				081BE68B241B9702003E9004 /* Color.swift in Sources */,
				081BE698241BA43A003E9004 /* SerieCharacterTableViewCell.swift in Sources */,
				081BE690241BA415003E9004 /* PaginedElements.swift in Sources */,
				081BE694241BA423003E9004 /* ReuseItem.swift in Sources */,
				081BE677241B967C003E9004 /* AppDelegate.swift in Sources */,
				081BE696241BA42C003E9004 /* UIImageView+Additions.swift in Sources */,
				081BE679241B967C003E9004 /* SceneDelegate.swift in Sources */,
			);
			runOnlyForDeploymentPostprocessing = 0;
		};
/* End PBXSourcesBuildPhase section */

/* Begin PBXVariantGroup section */
		081BE67C241B967C003E9004 /* Main.storyboard */ = {
			isa = PBXVariantGroup;
			children = (
				081BE67D241B967C003E9004 /* Base */,
			);
			name = Main.storyboard;
			sourceTree = "<group>";
		};
		081BE681241B967D003E9004 /* LaunchScreen.storyboard */ = {
			isa = PBXVariantGroup;
			children = (
				081BE682241B967D003E9004 /* Base */,
			);
			name = LaunchScreen.storyboard;
			sourceTree = "<group>";
		};
/* End PBXVariantGroup section */

/* Begin XCBuildConfiguration section */
		081BE685241B967D003E9004 /* Debug */ = {
			isa = XCBuildConfiguration;
			buildSettings = {
				ALWAYS_SEARCH_USER_PATHS = NO;
				CLANG_ANALYZER_NONNULL = YES;
				CLANG_ANALYZER_NUMBER_OBJECT_CONVERSION = YES_AGGRESSIVE;
				CLANG_CXX_LANGUAGE_STANDARD = "gnu++14";
				CLANG_CXX_LIBRARY = "libc++";
				CLANG_ENABLE_MODULES = YES;
				CLANG_ENABLE_OBJC_ARC = YES;
				CLANG_ENABLE_OBJC_WEAK = YES;
				CLANG_WARN_BLOCK_CAPTURE_AUTORELEASING = YES;
				CLANG_WARN_BOOL_CONVERSION = YES;
				CLANG_WARN_COMMA = YES;
				CLANG_WARN_CONSTANT_CONVERSION = YES;
				CLANG_WARN_DEPRECATED_OBJC_IMPLEMENTATIONS = YES;
				CLANG_WARN_DIRECT_OBJC_ISA_USAGE = YES_ERROR;
				CLANG_WARN_DOCUMENTATION_COMMENTS = YES;
				CLANG_WARN_EMPTY_BODY = YES;
				CLANG_WARN_ENUM_CONVERSION = YES;
				CLANG_WARN_INFINITE_RECURSION = YES;
				CLANG_WARN_INT_CONVERSION = YES;
				CLANG_WARN_NON_LITERAL_NULL_CONVERSION = YES;
				CLANG_WARN_OBJC_IMPLICIT_RETAIN_SELF = YES;
				CLANG_WARN_OBJC_LITERAL_CONVERSION = YES;
				CLANG_WARN_OBJC_ROOT_CLASS = YES_ERROR;
				CLANG_WARN_RANGE_LOOP_ANALYSIS = YES;
				CLANG_WARN_STRICT_PROTOTYPES = YES;
				CLANG_WARN_SUSPICIOUS_MOVE = YES;
				CLANG_WARN_UNGUARDED_AVAILABILITY = YES_AGGRESSIVE;
				CLANG_WARN_UNREACHABLE_CODE = YES;
				CLANG_WARN__DUPLICATE_METHOD_MATCH = YES;
				COPY_PHASE_STRIP = NO;
				DEBUG_INFORMATION_FORMAT = dwarf;
				ENABLE_STRICT_OBJC_MSGSEND = YES;
				ENABLE_TESTABILITY = YES;
				GCC_C_LANGUAGE_STANDARD = gnu11;
				GCC_DYNAMIC_NO_PIC = NO;
				GCC_NO_COMMON_BLOCKS = YES;
				GCC_OPTIMIZATION_LEVEL = 0;
				GCC_PREPROCESSOR_DEFINITIONS = (
					"DEBUG=1",
					"$(inherited)",
				);
				GCC_WARN_64_TO_32_BIT_CONVERSION = YES;
				GCC_WARN_ABOUT_RETURN_TYPE = YES_ERROR;
				GCC_WARN_UNDECLARED_SELECTOR = YES;
				GCC_WARN_UNINITIALIZED_AUTOS = YES_AGGRESSIVE;
				GCC_WARN_UNUSED_FUNCTION = YES;
				GCC_WARN_UNUSED_VARIABLE = YES;
				IPHONEOS_DEPLOYMENT_TARGET = 13.2;
				MTL_ENABLE_DEBUG_INFO = INCLUDE_SOURCE;
				MTL_FAST_MATH = YES;
				ONLY_ACTIVE_ARCH = YES;
				SDKROOT = iphoneos;
				SWIFT_ACTIVE_COMPILATION_CONDITIONS = DEBUG;
				SWIFT_OPTIMIZATION_LEVEL = "-Onone";
			};
			name = Debug;
		};
		081BE686241B967D003E9004 /* Release */ = {
			isa = XCBuildConfiguration;
			buildSettings = {
				ALWAYS_SEARCH_USER_PATHS = NO;
				CLANG_ANALYZER_NONNULL = YES;
				CLANG_ANALYZER_NUMBER_OBJECT_CONVERSION = YES_AGGRESSIVE;
				CLANG_CXX_LANGUAGE_STANDARD = "gnu++14";
				CLANG_CXX_LIBRARY = "libc++";
				CLANG_ENABLE_MODULES = YES;
				CLANG_ENABLE_OBJC_ARC = YES;
				CLANG_ENABLE_OBJC_WEAK = YES;
				CLANG_WARN_BLOCK_CAPTURE_AUTORELEASING = YES;
				CLANG_WARN_BOOL_CONVERSION = YES;
				CLANG_WARN_COMMA = YES;
				CLANG_WARN_CONSTANT_CONVERSION = YES;
				CLANG_WARN_DEPRECATED_OBJC_IMPLEMENTATIONS = YES;
				CLANG_WARN_DIRECT_OBJC_ISA_USAGE = YES_ERROR;
				CLANG_WARN_DOCUMENTATION_COMMENTS = YES;
				CLANG_WARN_EMPTY_BODY = YES;
				CLANG_WARN_ENUM_CONVERSION = YES;
				CLANG_WARN_INFINITE_RECURSION = YES;
				CLANG_WARN_INT_CONVERSION = YES;
				CLANG_WARN_NON_LITERAL_NULL_CONVERSION = YES;
				CLANG_WARN_OBJC_IMPLICIT_RETAIN_SELF = YES;
				CLANG_WARN_OBJC_LITERAL_CONVERSION = YES;
				CLANG_WARN_OBJC_ROOT_CLASS = YES_ERROR;
				CLANG_WARN_RANGE_LOOP_ANALYSIS = YES;
				CLANG_WARN_STRICT_PROTOTYPES = YES;
				CLANG_WARN_SUSPICIOUS_MOVE = YES;
				CLANG_WARN_UNGUARDED_AVAILABILITY = YES_AGGRESSIVE;
				CLANG_WARN_UNREACHABLE_CODE = YES;
				CLANG_WARN__DUPLICATE_METHOD_MATCH = YES;
				COPY_PHASE_STRIP = NO;
				DEBUG_INFORMATION_FORMAT = "dwarf-with-dsym";
				ENABLE_NS_ASSERTIONS = NO;
				ENABLE_STRICT_OBJC_MSGSEND = YES;
				GCC_C_LANGUAGE_STANDARD = gnu11;
				GCC_NO_COMMON_BLOCKS = YES;
				GCC_WARN_64_TO_32_BIT_CONVERSION = YES;
				GCC_WARN_ABOUT_RETURN_TYPE = YES_ERROR;
				GCC_WARN_UNDECLARED_SELECTOR = YES;
				GCC_WARN_UNINITIALIZED_AUTOS = YES_AGGRESSIVE;
				GCC_WARN_UNUSED_FUNCTION = YES;
				GCC_WARN_UNUSED_VARIABLE = YES;
				IPHONEOS_DEPLOYMENT_TARGET = 13.2;
				MTL_ENABLE_DEBUG_INFO = NO;
				MTL_FAST_MATH = YES;
				SDKROOT = iphoneos;
				SWIFT_COMPILATION_MODE = wholemodule;
				SWIFT_OPTIMIZATION_LEVEL = "-O";
				VALIDATE_PRODUCT = YES;
			};
			name = Release;
		};
		081BE688241B967D003E9004 /* Debug */ = {
			isa = XCBuildConfiguration;
			buildSettings = {
				ASSETCATALOG_COMPILER_APPICON_NAME = AppIcon;
				CODE_SIGN_STYLE = Automatic;
				INFOPLIST_FILE = TPCollectionView/Info.plist;
				LD_RUNPATH_SEARCH_PATHS = (
					"$(inherited)",
					"@executable_path/Frameworks",
				);
				PRODUCT_BUNDLE_IDENTIFIER = fr.barfou.TPCollectionView;
				PRODUCT_NAME = "$(TARGET_NAME)";
				SWIFT_VERSION = 5.0;
				TARGETED_DEVICE_FAMILY = "1,2";
			};
			name = Debug;
		};
		081BE689241B967D003E9004 /* Release */ = {
			isa = XCBuildConfiguration;
			buildSettings = {
				ASSETCATALOG_COMPILER_APPICON_NAME = AppIcon;
				CODE_SIGN_STYLE = Automatic;
				INFOPLIST_FILE = TPCollectionView/Info.plist;
				LD_RUNPATH_SEARCH_PATHS = (
					"$(inherited)",
					"@executable_path/Frameworks",
				);
				PRODUCT_BUNDLE_IDENTIFIER = fr.barfou.TPCollectionView;
				PRODUCT_NAME = "$(TARGET_NAME)";
				SWIFT_VERSION = 5.0;
				TARGETED_DEVICE_FAMILY = "1,2";
			};
			name = Release;
		};
/* End XCBuildConfiguration section */

/* Begin XCConfigurationList section */
		081BE66E241B967C003E9004 /* Build configuration list for PBXProject "TPCollectionView" */ = {
			isa = XCConfigurationList;
			buildConfigurations = (
				081BE685241B967D003E9004 /* Debug */,
				081BE686241B967D003E9004 /* Release */,
			);
			defaultConfigurationIsVisible = 0;
			defaultConfigurationName = Release;
		};
		081BE687241B967D003E9004 /* Build configuration list for PBXNativeTarget "TPCollectionView" */ = {
			isa = XCConfigurationList;
			buildConfigurations = (
				081BE688241B967D003E9004 /* Debug */,
				081BE689241B967D003E9004 /* Release */,
			);
			defaultConfigurationIsVisible = 0;
			defaultConfigurationName = Release;
		};
/* End XCConfigurationList section */
	};
	rootObject = 081BE66B241B967C003E9004 /* Project object */;
}
